<?xml version="1.0" encoding="UTF-8" standalone="yes" ?>
<CodeBlocks_project_file>
	<FileVersion major="1" minor="6" />
	<Project>
		<Option title="Técnicas de Programação 1 - Biblioteca de Classes" />
		<Option pch_mode="2" />
		<Option compiler="gcc" />
		<Build>
			<Target title="Debug">
				<Option output="bin/Debug/Técnicas de Programação 1 - Biblioteca de Classes" prefix_auto="1" extension_auto="1" />
				<Option object_output="obj/Debug/" />
				<Option type="1" />
				<Option compiler="gcc" />
				<Compiler>
					<Add option="-g" />
				</Compiler>
			</Target>
			<Target title="Release">
				<Option output="bin/Release/Técnicas de Programação 1 - Biblioteca de Classes" prefix_auto="1" extension_auto="1" />
				<Option object_output="obj/Release/" />
				<Option type="1" />
				<Option compiler="gcc" />
				<Compiler>
					<Add option="-O2" />
				</Compiler>
				<Linker>
					<Add option="-s" />
				</Linker>
			</Target>
		</Build>
		<Compiler>
			<Add option="-Wall" />
			<Add option="-fexceptions" />
		</Compiler>
		<Unit filename="Containers.cpp">
			<Option target="&lt;{~None~}&gt;" />
		</Unit>
		<Unit filename="Containers.h">
			<Option target="&lt;{~None~}&gt;" />
		</Unit>
		<Unit filename="controladora_apresentacao.cpp">
			<Option target="&lt;{~None~}&gt;" />
		</Unit>
		<Unit filename="controladora_apresentacao.h">
			<Option target="&lt;{~None~}&gt;" />
		</Unit>
		<Unit filename="controladora_servico.cpp">
			<Option target="&lt;{~None~}&gt;" />
		</Unit>
		<Unit filename="controladora_servico.h">
			<Option target="&lt;{~None~}&gt;" />
		</Unit>
		<Unit filename="dominios.cpp">
			<Option target="&lt;{~None~}&gt;" />
		</Unit>
		<Unit filename="dominios.h">
			<Option target="&lt;{~None~}&gt;" />
		</Unit>
		<Unit filename="entidades.cpp">
			<Option target="&lt;{~None~}&gt;" />
		</Unit>
		<Unit filename="entidades.h">
			<Option target="&lt;{~None~}&gt;" />
		</Unit>
		<Unit filename="interfaces.h">
			<Option target="&lt;{~None~}&gt;" />
		</Unit>
		<Unit filename="main.cpp" />
		<Unit filename="testes_dominios.cpp">
			<Option link="0" />
		</Unit>
		<Unit filename="testes_dominios.h" />
		<Unit filename="testes_entidades.cpp">
			<Option target="&lt;{~None~}&gt;" />
		</Unit>
		<Unit filename="testes_entidades.h">
			<Option target="&lt;{~None~}&gt;" />
		</Unit>
		<Extensions>
			<lib_finder disable_auto="1" />
		</Extensions>
	</Project>
</CodeBlocks_project_file>
